
Microsoft Visual Studio Solution File, Format Version 12.00
# Visual Studio Version 17
VisualStudioVersion = 17.3.32825.248
MinimumVisualStudioVersion = 10.0.40219.1
Project("{FAE04EC0-301F-11D3-BF4B-00C04F79EFBC}") = "HCProject", "HCProject\HCProject.csproj", "{3A79515A-CAB8-4629-B801-245468043EAC}"
EndProject
Global
	GlobalSection(SolutionConfigurationPlatforms) = preSolution
		Debug|Any CPU = Debug|Any CPU
		Release|Any CPU = Release|Any CPU
	EndGlobalSection
	GlobalSection(ProjectConfigurationPlatforms) = postSolution
		{3A79515A-CAB8-4629-B801-245468043EAC}.Debug|Any CPU.ActiveCfg = Debug|Any CPU
		{3A79515A-CAB8-4629-B801-245468043EAC}.Debug|Any CPU.Build.0 = Debug|Any CPU
		{3A79515A-CAB8-4629-B801-245468043EAC}.Release|Any CPU.ActiveCfg = Release|Any CPU
		{3A79515A-CAB8-4629-B801-245468043EAC}.Release|Any CPU.Build.0 = Release|Any CPU
	EndGlobalSection
	GlobalSection(SolutionProperties) = preSolution
		HideSolutionNode = FALSE
	EndGlobalSection
	GlobalSection(ExtensibilityGlobals) = postSolution
		SolutionGuid = {C9E36325-C39F-483D-A64C-0001E30AD2DE}
	EndGlobalSection
EndGlobal
